
Microsoft Visual Studio Solution File, Format Version 12.00
# Visual Studio Version 17
VisualStudioVersion = 17.8.34511.84
MinimumVisualStudioVersion = 10.0.40219.1
Project("{FAE04EC0-301F-11D3-BF4B-00C04F79EFBC}") = "Estudiando", "Estudiando\Estudiando.csproj", "{70D0D953-7EA3-4506-842E-CDC75AF2B18D}"
EndProject
Global
	GlobalSection(SolutionConfigurationPlatforms) = preSolution
		Debug|Any CPU = Debug|Any CPU
		Release|Any CPU = Release|Any CPU
	EndGlobalSection
	GlobalSection(ProjectConfigurationPlatforms) = postSolution
		{70D0D953-7EA3-4506-842E-CDC75AF2B18D}.Debug|Any CPU.ActiveCfg = Debug|Any CPU
		{70D0D953-7EA3-4506-842E-CDC75AF2B18D}.Debug|Any CPU.Build.0 = Debug|Any CPU
		{70D0D953-7EA3-4506-842E-CDC75AF2B18D}.Release|Any CPU.ActiveCfg = Release|Any CPU
		{70D0D953-7EA3-4506-842E-CDC75AF2B18D}.Release|Any CPU.Build.0 = Release|Any CPU
	EndGlobalSection
	GlobalSection(SolutionProperties) = preSolution
		HideSolutionNode = FALSE
	EndGlobalSection
	GlobalSection(ExtensibilityGlobals) = postSolution
		SolutionGuid = {61D76DBF-D1A1-4B32-8D36-4A95500A3B56}
	EndGlobalSection
EndGlobal
